{
  "version": 4,
  "terraform_version": "0.12.24",
  "serial": 1,
  "lineage": "3ffdb518-2c33-e7e6-45d0-76262e76739b",
  "outputs": {},
  "resources": [
    {
      "mode": "managed",
      "type": "azurerm_resource_group",
      "name": "resource_gp",
      "provider": "provider.azurerm",
      "instances": [
        {
          "schema_version": 0,
          "attributes": {
            "id": "/subscriptions/2f735dd2-58e7-45fd-b85e-4c82fd748ba6/resourceGroups/Terraform-Demo-5",
            "location": "eastus",
            "name": "Terraform-Demo-5",
            "tags": {
              "Owner": "Sunil Bonde",
              "environment": "staging"
            },
            "timeouts": null
          },
          "private": "eyJlMmJmYjczMC1lY2FhLTExZTYtOGY4OC0zNDM2M2JjN2M0YzAiOnsiY3JlYXRlIjo1NDAwMDAwMDAwMDAwLCJkZWxldGUiOjU0MDAwMDAwMDAwMDAsInJlYWQiOjMwMDAwMDAwMDAwMCwidXBkYXRlIjo1NDAwMDAwMDAwMDAwfX0="
        }
      ]
    }
  ]
}
